lockfileVersion: '6.0'

settings:
  autoInstallPeers: true
  excludeLinksFromLockfile: false

dependencies:
  detect-indent:
    specifier: ^7.0.1
    version: 7.0.1
  detect-newline:
    specifier: ^4.0.0
    version: 4.0.0
  git-hooks-list:
    specifier: ^3.1.0
    version: 3.1.0
  is-plain-obj:
    specifier: ^4.1.0
    version: 4.1.0
  sort-object-keys:
    specifier: ^1.1.3
    version: 1.1.3

packages:

  /detect-indent@7.0.1:
    resolution: {integrity: sha512-Mc7QhQ8s+cLrnUfU/Ji94vG/r8M26m8f++vyres4ZoojaRDpZ1eSIh/EpzLNwlWuvzSZ3UbDFspjFvTDXe6e/g==}
    engines: {node: '>=12.20'}
    dev: false

  /detect-newline@4.0.0:
    resolution: {integrity: sha512-1aXUEPdfGdzVPFpzGJJNgq9o81bGg1s09uxTWsqBlo9PI332uyJRQq13+LK/UN4JfxJbFdCXonUFQ9R/p7yCtw==}
    engines: {node: ^12.20.0 || ^14.13.1 || >=16.0.0}
    dev: false

  /git-hooks-list@3.1.0:
    resolution: {integrity: sha512-LF8VeHeR7v+wAbXqfgRlTSX/1BJR9Q1vEMR8JAz1cEg6GX07+zyj3sAdDvYjj/xnlIfVuGgj4qBei1K3hKH+PA==}
    dev: false

  /is-plain-obj@4.1.0:
    resolution: {integrity: sha512-+Pgi+vMuUNkJyExiMBt5IlFoMyKnr5zhJ4Uspz58WOhBF5QoIZkFyNHIbBAtHwzVAgk5RtndVNsDRN61/mmDqg==}
    engines: {node: '>=12'}
    dev: false

  /sort-object-keys@1.1.3:
    resolution: {integrity: sha512-855pvK+VkU7PaKYPc+Jjnmt4EzejQHyhhF33q31qG8x7maDzkeFhAAThdCYay11CISO+qAMwjOBP+fPZe0IPyg==}
    dev: false
